{
  "R": {
    "Version": "3.6.1",
    "Repositories": [
      {
        "Name": "CRAN",
        "URL": "https://cran.case.edu"
      }
    ]
  },
  "Packages": {
    "Formula": {
      "Package": "Formula",
      "Version": "1.2-3",
      "Source": "Repository",
      "Repository": "CRAN",
      "Hash": "0537b6f1f38ea1fd514089192724bb6e"
    },
    "KernSmooth": {
      "Package": "KernSmooth",
      "Version": "2.23-15",
      "Source": "Repository",
      "Repository": "CRAN",
      "Hash": "081f417f4d6d55b7e8981433e8404a22"
    },
    "MASS": {
      "Package": "MASS",
      "Version": "7.3-51.4",
      "Source": "Repository",
      "Repository": "CRAN",
      "Hash": "a94714e63996bc284b8795ec50defc07"
    },
    "Matrix": {
      "Package": "Matrix",
      "Version": "1.2-17",
      "Source": "Repository",
      "Repository": "CRAN",
      "Hash": "39ea11fb3ad0d759f9f1c053fd442957"
    },
    "ModelMetrics": {
      "Package": "ModelMetrics",
      "Version": "1.2.2",
      "Source": "Repository",
      "Repository": "CRAN",
      "Hash": "d85508dd2162bf34aaf15d6a022e42e5"
    },
    "R6": {
      "Package": "R6",
      "Version": "2.4.0",
      "Source": "Repository",
      "Repository": "CRAN",
      "Hash": "d4618c4cb36bc46831551c5d85815818"
    },
    "RColorBrewer": {
      "Package": "RColorBrewer",
      "Version": "1.1-2",
      "Source": "Repository",
      "Repository": "CRAN",
      "Hash": "e031418365a7f7a766181ab5a41a5716"
    },
    "ROCR": {
      "Package": "ROCR",
      "Version": "1.0-7",
      "Source": "Repository",
      "Repository": "CRAN",
      "Hash": "fd202bb77d2b1b19fb9dcc393d489ef0"
    },
    "Rcpp": {
      "Package": "Rcpp",
      "Version": "1.0.3",
      "Source": "Repository",
      "Repository": "CRAN",
      "Hash": "f3ca785924863b0e4c8cb23b6a5c75a1"
    },
    "SQUAREM": {
      "Package": "SQUAREM",
      "Version": "2017.10-1",
      "Source": "Repository",
      "Repository": "CRAN",
      "Hash": "5f2dab05aaaf51d7f87cf7ecbbe07541"
    },
    "SuperLearner": {
      "Package": "SuperLearner",
      "Version": "2.0-26",
      "Source": "Repository",
      "Repository": "CRAN",
      "Hash": "664b1c3ade05bd5afbd5ca5609c78bf1"
    },
    "TeachingDemos": {
      "Package": "TeachingDemos",
      "Version": "2.10",
      "Source": "Repository",
      "Repository": "CRAN",
      "Hash": "a994853cf084a77eefdfcc408343c1df"
    },
    "assertthat": {
      "Package": "assertthat",
      "Version": "0.2.1",
      "Source": "Repository",
      "Repository": "CRAN",
      "Hash": "50c838a310445e954bc13f26f26a6ecf"
    },
    "bitops": {
      "Package": "bitops",
      "Version": "1.0-6",
      "Source": "Repository",
      "Repository": "CRAN",
      "Hash": "0b118d5900596bae6c4d4865374536a6"
    },
    "caTools": {
      "Package": "caTools",
      "Version": "1.17.1.2",
      "Source": "Repository",
      "Repository": "CRAN",
      "Hash": "8d279db9748ad87df8196367c5baefde"
    },
    "caret": {
      "Package": "caret",
      "Version": "6.0-84",
      "Source": "Repository",
      "Repository": "CRAN",
      "Hash": "07113ea86bfb3676cadf3662fdf5b17a"
    },
    "class": {
      "Package": "class",
      "Version": "7.3-15",
      "Source": "Repository",
      "Repository": "CRAN",
      "Hash": "4fba6a022803b6c3f30fd023be3fa818"
    },
    "cli": {
      "Package": "cli",
      "Version": "1.1.0",
      "Source": "Repository",
      "Repository": "CRAN",
      "Hash": "44036d89d2bbffdbf1a9698cc86d0976"
    },
    "codetools": {
      "Package": "codetools",
      "Version": "0.2-16",
      "Source": "Repository",
      "Repository": "CRAN",
      "Hash": "89cf4b8207269ccf82fbeb6473fd662b"
    },
    "colorspace": {
      "Package": "colorspace",
      "Version": "1.4-1",
      "Source": "Repository",
      "Repository": "CRAN",
      "Hash": "6b436e95723d1f0e861224dd9b094dfb"
    },
    "crayon": {
      "Package": "crayon",
      "Version": "1.3.4",
      "Source": "Repository",
      "Repository": "CRAN",
      "Hash": "0d57bc8e27b7ba9e45dba825ebc0de6b"
    },
    "cvAUC": {
      "Package": "cvAUC",
      "Version": "1.1.0",
      "Source": "Repository",
      "Repository": "CRAN",
      "Hash": "1c6697e072db9509031df5a59c2f4397"
    },
    "data.table": {
      "Package": "data.table",
      "Version": "1.12.8",
      "Source": "Repository",
      "Repository": "CRAN",
      "Hash": "cd711af60c47207a776213a368626369"
    },
    "digest": {
      "Package": "digest",
      "Version": "0.6.23",
      "Source": "Repository",
      "Repository": "CRAN",
      "Hash": "931fd68809dab4609b4d4b5702206066"
    },
    "doParallel": {
      "Package": "doParallel",
      "Version": "1.0.16",
      "Source": "Repository",
      "Repository": "CRAN",
      "Hash": "2dc413572eb42475179bfe0afabd2adf"
    },
    "dplyr": {
      "Package": "dplyr",
      "Version": "1.0.4",
      "Source": "Repository",
      "Repository": "CRAN",
      "Hash": "01c82e3b053eb7660a8ace8d932265b8"
    },
    "earth": {
      "Package": "earth",
      "Version": "5.3.0",
      "Source": "Repository",
      "Repository": "CRAN",
      "Hash": "65afb8404e57d5e634ff1d1c82d750c0"
    },
    "ellipsis": {
      "Package": "ellipsis",
      "Version": "0.3.0",
      "Source": "Repository",
      "Repository": "CRAN",
      "Hash": "7067d90c1c780bfe80c0d497e3d7b49d"
    },
    "evaluate": {
      "Package": "evaluate",
      "Version": "0.14",
      "Source": "Repository",
      "Repository": "CRAN",
      "Hash": "ec8ca05cffcc70569eaaad8469d2a3a7"
    },
    "fansi": {
      "Package": "fansi",
      "Version": "0.4.0",
      "Source": "Repository",
      "Repository": "CRAN",
      "Hash": "b31d9e5d051553d1177083aeba04b5b9"
    },
    "foreach": {
      "Package": "foreach",
      "Version": "1.5.1",
      "Source": "Repository",
      "Repository": "CRAN",
      "Hash": "e32cfc0973caba11b65b1fa691b4d8c9"
    },
    "gdata": {
      "Package": "gdata",
      "Version": "2.18.0",
      "Source": "Repository",
      "Repository": "CRAN",
      "Hash": "465ccb84427f5fe2c54f8620666db131"
    },
    "generics": {
      "Package": "generics",
      "Version": "0.0.2",
      "Source": "Repository",
      "Repository": "CRAN",
      "Hash": "b8cff1d1391fd1ad8b65877f4c7f2e53"
    },
    "ggplot2": {
      "Package": "ggplot2",
      "Version": "3.3.3",
      "Source": "Repository",
      "Repository": "CRAN",
      "Hash": "3eb6477d01eb5bbdc03f7d5f70f2733e"
    },
    "glmnet": {
      "Package": "glmnet",
      "Version": "4.1",
      "Source": "Repository",
      "Repository": "CRAN",
      "Hash": "d5d038d2f66d7ed2f95045c62d42e7b4"
    },
    "glue": {
      "Package": "glue",
      "Version": "1.4.2",
      "Source": "Repository",
      "Repository": "CRAN",
      "Hash": "6efd734b14c6471cfe443345f3e35e29"
    },
    "gower": {
      "Package": "gower",
      "Version": "0.2.1",
      "Source": "Repository",
      "Repository": "CRAN",
      "Hash": "1e7e711f2f87cc3a326f7f406815d019"
    },
    "gplots": {
      "Package": "gplots",
      "Version": "3.0.1.1",
      "Source": "Repository",
      "Repository": "CRAN",
      "Hash": "732c9f82f6dd3dbb6c361a83eef56bdc"
    },
    "gtable": {
      "Package": "gtable",
      "Version": "0.3.0",
      "Source": "Repository",
      "Repository": "CRAN",
      "Hash": "ac5c6baf7822ce8732b343f14c072c4d"
    },
    "gtools": {
      "Package": "gtools",
      "Version": "3.8.1",
      "Source": "Repository",
      "Repository": "CRAN",
      "Hash": "b7f3a3bee8ec0858e8cbc09cfdc35ced"
    },
    "highr": {
      "Package": "highr",
      "Version": "0.8",
      "Source": "Repository",
      "Repository": "CRAN",
      "Hash": "4dc5bb88961e347a0f4d8aad597cbfac"
    },
    "ipred": {
      "Package": "ipred",
      "Version": "0.9-9",
      "Source": "Repository",
      "Repository": "CRAN",
      "Hash": "816a7f746179f159f8faa87af730f3c1"
    },
    "isoband": {
      "Package": "isoband",
      "Version": "0.2.3",
      "Source": "Repository",
      "Repository": "CRAN",
      "Hash": "53647fb507373700028b2ce6cd30751a"
    },
    "iterators": {
      "Package": "iterators",
      "Version": "1.0.12",
      "Source": "Repository",
      "Repository": "CRAN",
      "Hash": "117128f48662573ff4c4e72608b9e202"
    },
    "kernlab": {
      "Package": "kernlab",
      "Version": "0.9-29",
      "Source": "Repository",
      "Repository": "CRAN",
      "Hash": "46b2f61dadae64579e4cbe8af3c088d6"
    },
    "knitr": {
      "Package": "knitr",
      "Version": "1.24",
      "Source": "Repository",
      "Repository": "CRAN",
      "Hash": "063bd0cf9388b44f8bcf9fad35b3e527"
    },
    "labeling": {
      "Package": "labeling",
      "Version": "0.3",
      "Source": "Repository",
      "Repository": "CRAN",
      "Hash": "73832978c1de350df58108c745ed0e3e"
    },
    "lattice": {
      "Package": "lattice",
      "Version": "0.20-38",
      "Source": "Repository",
      "Repository": "CRAN",
      "Hash": "848f8c593fd1050371042d18d152e3d7"
    },
    "lava": {
      "Package": "lava",
      "Version": "1.6.6",
      "Source": "Repository",
      "Repository": "CRAN",
      "Hash": "3aff2b3035122185382c4ec9c500382f"
    },
    "lifecycle": {
      "Package": "lifecycle",
      "Version": "0.2.0",
      "Source": "Repository",
      "Repository": "CRAN",
      "Hash": "361811f31f71f8a617a9a68bf63f1f42"
    },
    "lubridate": {
      "Package": "lubridate",
      "Version": "1.7.4",
      "Source": "Repository",
      "Repository": "CRAN",
      "Hash": "796afeea047cda6bdb308d374a33eeb6"
    },
    "magrittr": {
      "Package": "magrittr",
      "Version": "1.5",
      "Source": "Repository",
      "Repository": "CRAN",
      "Hash": "1bb58822a20301cee84a41678e25d9b7"
    },
    "markdown": {
      "Package": "markdown",
      "Version": "1.1",
      "Source": "Repository",
      "Repository": "CRAN",
      "Hash": "61e4a10781dd00d7d81dd06ca9b94e95"
    },
    "mgcv": {
      "Package": "mgcv",
      "Version": "1.8-33",
      "Source": "Repository",
      "Repository": "CRAN",
      "Hash": "eb7b6439bc6d812eed2cddba5edc6be3"
    },
    "mime": {
      "Package": "mime",
      "Version": "0.7",
      "Source": "Repository",
      "Repository": "CRAN",
      "Hash": "f085cb5d1548336cafa5ee7ec56d7e34"
    },
    "munsell": {
      "Package": "munsell",
      "Version": "0.5.0",
      "Source": "Repository",
      "Repository": "CRAN",
      "Hash": "6dfe8bf774944bd5595785e3229d8771"
    },
    "nlme": {
      "Package": "nlme",
      "Version": "3.1-140",
      "Source": "Repository",
      "Repository": "CRAN",
      "Hash": "79d4c59449e799385e98e222e5f8f950"
    },
    "nnet": {
      "Package": "nnet",
      "Version": "7.3-12",
      "Source": "Repository",
      "Repository": "CRAN",
      "Hash": "68287aec1f476c41d16ce1ace445800c"
    },
    "nnls": {
      "Package": "nnls",
      "Version": "1.4",
      "Source": "Repository",
      "Repository": "CRAN",
      "Hash": "e451f3c2946bae5c3e5b8d63f09d186e"
    },
    "numDeriv": {
      "Package": "numDeriv",
      "Version": "2016.8-1.1",
      "Source": "Repository",
      "Repository": "CRAN",
      "Hash": "df58958f293b166e4ab885ebcad90e02"
    },
    "pillar": {
      "Package": "pillar",
      "Version": "1.4.7",
      "Source": "Repository",
      "Repository": "CRAN",
      "Hash": "3b3dd89b2ee115a8b54e93a34cd546b4"
    },
    "pkgconfig": {
      "Package": "pkgconfig",
      "Version": "2.0.2",
      "Source": "Repository",
      "Repository": "CRAN",
      "Hash": "f5940986fb19bcef52284068baeb3f29"
    },
    "plotmo": {
      "Package": "plotmo",
      "Version": "3.6.0",
      "Source": "Repository",
      "Repository": "CRAN",
      "Hash": "a96bcc5873e53a44cd97b5251939f792"
    },
    "plotrix": {
      "Package": "plotrix",
      "Version": "3.7-6",
      "Source": "Repository",
      "Repository": "CRAN",
      "Hash": "ca7ff142c1198f3dfc344fb3ded1e250"
    },
    "plyr": {
      "Package": "plyr",
      "Version": "1.8.4",
      "Source": "Repository",
      "Repository": "CRAN",
      "Hash": "23026346e3e0f023f326919320627a01"
    },
    "praise": {
      "Package": "praise",
      "Version": "1.0.0",
      "Source": "Repository",
      "Repository": "CRAN",
      "Hash": "a555924add98c99d2f411e37e7d25e9f"
    },
    "prodlim": {
      "Package": "prodlim",
      "Version": "2018.04.18",
      "Source": "Repository",
      "Repository": "CRAN",
      "Hash": "dede5cafa9509f68d39368bd4526f36b"
    },
    "purrr": {
      "Package": "purrr",
      "Version": "0.3.4",
      "Source": "Repository",
      "Repository": "CRAN",
      "Hash": "97def703420c8ab10d8f0e6c72101e02"
    },
    "randomForest": {
      "Package": "randomForest",
      "Version": "4.6-14",
      "Source": "Repository",
      "Repository": "CRAN",
      "Hash": "6367ba8128568cc5ebf8082e440948e4"
    },
    "recipes": {
      "Package": "recipes",
      "Version": "0.1.6",
      "Source": "Repository",
      "Repository": "CRAN",
      "Hash": "99cb9416cfc69d06ab9892d41cded599"
    },
    "renv": {
      "Package": "renv",
      "Version": "0.12.5",
      "Source": "Repository",
      "Repository": "CRAN",
      "Hash": "5c0cdb37f063c58cdab3c7e9fbb8bd2c"
    },
    "reshape2": {
      "Package": "reshape2",
      "Version": "1.4.3",
      "Source": "Repository",
      "Repository": "CRAN",
      "Hash": "15a23ad30f51789188e439599559815c"
    },
    "rlang": {
      "Package": "rlang",
      "Version": "0.4.10",
      "Source": "Repository",
      "Repository": "CRAN",
      "Hash": "599df23c40a4fce9c7b4764f28c37857"
    },
    "rpart": {
      "Package": "rpart",
      "Version": "4.1-15",
      "Source": "Repository",
      "Repository": "CRAN",
      "Hash": "9787c1fcb680e655d062e7611cadf78e"
    },
    "sandwich": {
      "Package": "sandwich",
      "Version": "2.5-1",
      "Source": "Repository",
      "Repository": "CRAN",
      "Hash": "510d1f864cd565d8119801a49db4fd85"
    },
    "scales": {
      "Package": "scales",
      "Version": "1.0.0",
      "Source": "Repository",
      "Repository": "CRAN",
      "Hash": "2e46c8ab2c109085d5b3a775ea2df19c"
    },
    "shape": {
      "Package": "shape",
      "Version": "1.4.4",
      "Source": "Repository",
      "Repository": "CRAN",
      "Hash": "ef692f72a633981cad0d4950a5775702"
    },
    "stringi": {
      "Package": "stringi",
      "Version": "1.4.3",
      "Source": "Repository",
      "Repository": "CRAN",
      "Hash": "74a50760af835563fb2c124e66aa134e"
    },
    "stringr": {
      "Package": "stringr",
      "Version": "1.4.0",
      "Source": "Repository",
      "Repository": "CRAN",
      "Hash": "0759e6b6c0957edb1311028a49a35e76"
    },
    "survival": {
      "Package": "survival",
      "Version": "2.44-1.1",
      "Source": "Repository",
      "Repository": "CRAN",
      "Hash": "8520357700cef5261e7d33f0a113e3df"
    },
    "testthat": {
      "Package": "testthat",
      "Version": "2.2.1",
      "Source": "Repository",
      "Repository": "CRAN",
      "Hash": "b3668923d24802042bae95f3212d9dc1"
    },
    "tibble": {
      "Package": "tibble",
      "Version": "3.0.6",
      "Source": "Repository",
      "Repository": "CRAN",
      "Hash": "9c6c10e594f32096ede0c7d373ccbddd"
    },
    "tidyr": {
      "Package": "tidyr",
      "Version": "0.8.3",
      "Source": "Repository",
      "Repository": "CRAN",
      "Hash": "066365650c48620e116631c98ae8daf3"
    },
    "tidyselect": {
      "Package": "tidyselect",
      "Version": "1.1.0",
      "Source": "Repository",
      "Repository": "CRAN",
      "Hash": "6ea435c354e8448819627cf686f66e0a"
    },
    "timeDate": {
      "Package": "timeDate",
      "Version": "3043.102",
      "Source": "Repository",
      "Repository": "CRAN",
      "Hash": "fde4fc571f5f61978652c229d4713845"
    },
    "utf8": {
      "Package": "utf8",
      "Version": "1.1.4",
      "Source": "Repository",
      "Repository": "CRAN",
      "Hash": "4a5081acfb7b81a572e4384a7aaf2af1"
    },
    "vctrs": {
      "Package": "vctrs",
      "Version": "0.3.6",
      "Source": "Repository",
      "Repository": "CRAN",
      "Hash": "5cf1957f93076c19fdc81d01409d240b"
    },
    "viridisLite": {
      "Package": "viridisLite",
      "Version": "0.3.0",
      "Source": "Repository",
      "Repository": "CRAN",
      "Hash": "ce4f6271baa94776db692f1cb2055bee"
    },
    "withr": {
      "Package": "withr",
      "Version": "2.1.2",
      "Source": "Repository",
      "Repository": "CRAN",
      "Hash": "aa57ed55ff2df4bea697a07df528993d"
    },
    "xfun": {
      "Package": "xfun",
      "Version": "0.9",
      "Source": "Repository",
      "Repository": "CRAN",
      "Hash": "1729de9578fc7c37b47418d891d91470"
    },
    "yaml": {
      "Package": "yaml",
      "Version": "2.2.0",
      "Source": "Repository",
      "Repository": "CRAN",
      "Hash": "c78bdf1d16bd4ec7ecc86c6986d53309"
    },
    "zoo": {
      "Package": "zoo",
      "Version": "1.8-6",
      "Source": "Repository",
      "Repository": "CRAN",
      "Hash": "d6d8d8c2b5f0c309dfa8caf9a27a61e2"
    }
  }
}
